
Microsoft Visual Studio Solution File, Format Version 12.00
# Visual Studio Version 17
VisualStudioVersion = 17.0.31919.166
MinimumVisualStudioVersion = 10.0.40219.1
Project("{FAE04EC0-301F-11D3-BF4B-00C04F79EFBC}") = "UC9_Cadastro_usuarios", "UC9_Cadastro_usuarios\UC9_Cadastro_usuarios.csproj", "{2D9DA475-4CF0-4289-AF10-76FFE26DEC88}"
EndProject
Global
	GlobalSection(SolutionConfigurationPlatforms) = preSolution
		Debug|Any CPU = Debug|Any CPU
		Release|Any CPU = Release|Any CPU
	EndGlobalSection
	GlobalSection(ProjectConfigurationPlatforms) = postSolution
		{2D9DA475-4CF0-4289-AF10-76FFE26DEC88}.Debug|Any CPU.ActiveCfg = Debug|Any CPU
		{2D9DA475-4CF0-4289-AF10-76FFE26DEC88}.Debug|Any CPU.Build.0 = Debug|Any CPU
		{2D9DA475-4CF0-4289-AF10-76FFE26DEC88}.Release|Any CPU.ActiveCfg = Release|Any CPU
		{2D9DA475-4CF0-4289-AF10-76FFE26DEC88}.Release|Any CPU.Build.0 = Release|Any CPU
	EndGlobalSection
	GlobalSection(SolutionProperties) = preSolution
		HideSolutionNode = FALSE
	EndGlobalSection
	GlobalSection(ExtensibilityGlobals) = postSolution
		SolutionGuid = {FEA77EAF-5A0F-48EC-BB23-43ABE4295E18}
	EndGlobalSection
EndGlobal
